
Microsoft Visual Studio Solution File, Format Version 12.00
# Visual Studio Version 18
VisualStudioVersion = 18.0.11104.47
MinimumVisualStudioVersion = 10.0.40219.1
Project("{9A19103F-16F7-4668-BE54-9A1E7A4F7556}") = "FeaneMVC", "src\FeaneMVC\FeaneMVC.csproj", "{EEE8CB13-16A2-4903-BB19-EFF20ADB1307}"
EndProject
Project("{2150E333-8FDC-42A3-9474-1A3956D46DE8}") = "Элементы решения", "Элементы решения", "{577848F7-8447-452F-AF09-F00C6F3879A7}"
EndProject
Project("{FAE04EC0-301F-11D3-BF4B-00C04F79EFBC}") = "FeaneMVC.Application", "src\FeaneMVC.Application\FeaneMVC.Application.csproj", "{A91DD1DF-570E-4B3E-BB14-38562944640C}"
EndProject
Project("{FAE04EC0-301F-11D3-BF4B-00C04F79EFBC}") = "FeaneMVC.Domain", "src\FeaneMVC.Domain\FeaneMVC.Domain.csproj", "{56885E4E-95ED-4DCE-93C3-9CA943FB4396}"
EndProject
Project("{FAE04EC0-301F-11D3-BF4B-00C04F79EFBC}") = "FeaneMVC.Infrastructure", "src\FeaneMVC.Infrastructure\FeaneMVC.Infrastructure.csproj", "{12FEF404-E18C-4D36-2BF5-5E82A2894380}"
EndProject
Project("{2150E333-8FDC-42A3-9474-1A3956D46DE8}") = "src", "src", "{85FF7E41-8172-4321-9592-E8559B994AD8}"
EndProject
Project("{2150E333-8FDC-42A3-9474-1A3956D46DE8}") = "services", "services", "{66710F64-7D29-4DF0-8A83-B0AFE16EA080}"
EndProject
Project("{2150E333-8FDC-42A3-9474-1A3956D46DE8}") = "auth-service", "auth-service", "{91CB26BA-5252-47B0-AFC9-614FEEF203B6}"
EndProject
Project("{2150E333-8FDC-42A3-9474-1A3956D46DE8}") = "src", "src", "{164EBB00-A3D8-44DC-9FAF-43053B610043}"
EndProject
Project("{2150E333-8FDC-42A3-9474-1A3956D46DE8}") = "cart-service", "cart-service", "{03F34EC0-5600-4A53-8856-CB5D29CC6FBC}"
EndProject
Project("{2150E333-8FDC-42A3-9474-1A3956D46DE8}") = "delivery-service", "delivery-service", "{F6CEE315-E769-487C-AC08-ADC87D1E5213}"
EndProject
Project("{2150E333-8FDC-42A3-9474-1A3956D46DE8}") = "frontend", "frontend", "{EA47D701-78B7-4C74-A471-811C7A7204FB}"
EndProject
Project("{2150E333-8FDC-42A3-9474-1A3956D46DE8}") = "gateway", "gateway", "{F4B29337-DCC0-4FCB-845F-23115D27C28D}"
EndProject
Project("{2150E333-8FDC-42A3-9474-1A3956D46DE8}") = "notification-service", "notification-service", "{6A0AD3DA-9B80-453D-8678-2C32BF6CB5EA}"
EndProject
Project("{2150E333-8FDC-42A3-9474-1A3956D46DE8}") = "order-service", "order-service", "{EE899BAD-5886-4A3B-8C84-5A10C53DB185}"
EndProject
Project("{2150E333-8FDC-42A3-9474-1A3956D46DE8}") = "payment-service", "payment-service", "{83442678-9738-4528-BC4D-C7E46A129352}"
EndProject
Project("{2150E333-8FDC-42A3-9474-1A3956D46DE8}") = "product-service", "product-service", "{8098450F-0486-499A-BEE4-236503A34B44}"
EndProject
Project("{2150E333-8FDC-42A3-9474-1A3956D46DE8}") = "user-service", "user-service", "{42FD362A-9887-4F32-A6AC-55CD4A14AD1C}"
EndProject
Project("{FAE04EC0-301F-11D3-BF4B-00C04F79EFBC}") = "AuthService", "services\auth-service\src\AuthService\AuthService.csproj", "{015E2BB3-EFFC-46F5-B755-F9D09913EA44}"
EndProject
Project("{2150E333-8FDC-42A3-9474-1A3956D46DE8}") = "Solution Items", "Solution Items", "{3119C639-BCB0-4481-99FD-BDB2D645511F}"
	ProjectSection(SolutionItems) = preProject
		.env.example = .env.example
		docker-compose.yml = docker-compose.yml
	EndProjectSection
EndProject
Project("{FAE04EC0-301F-11D3-BF4B-00C04F79EFBC}") = "Feane.Frontend", "services\frontend\Feane.Frontend.csproj", "{A95BC8DB-5B63-E7BA-5B36-3222E2793AB9}"
EndProject
Project("{FAE04EC0-301F-11D3-BF4B-00C04F79EFBC}") = "FeaneGateway", "services\gateway\FeaneGateway.csproj", "{356921F3-2845-5B0F-124C-33F194A0437E}"
EndProject
Global
	GlobalSection(SolutionConfigurationPlatforms) = preSolution
		Debug|Any CPU = Debug|Any CPU
		Release|Any CPU = Release|Any CPU
	EndGlobalSection
	GlobalSection(ProjectConfigurationPlatforms) = postSolution
		{EEE8CB13-16A2-4903-BB19-EFF20ADB1307}.Debug|Any CPU.ActiveCfg = Debug|Any CPU
		{EEE8CB13-16A2-4903-BB19-EFF20ADB1307}.Debug|Any CPU.Build.0 = Debug|Any CPU
		{EEE8CB13-16A2-4903-BB19-EFF20ADB1307}.Release|Any CPU.ActiveCfg = Release|Any CPU
		{EEE8CB13-16A2-4903-BB19-EFF20ADB1307}.Release|Any CPU.Build.0 = Release|Any CPU
		{A91DD1DF-570E-4B3E-BB14-38562944640C}.Debug|Any CPU.ActiveCfg = Debug|Any CPU
		{A91DD1DF-570E-4B3E-BB14-38562944640C}.Debug|Any CPU.Build.0 = Debug|Any CPU
		{A91DD1DF-570E-4B3E-BB14-38562944640C}.Release|Any CPU.ActiveCfg = Release|Any CPU
		{A91DD1DF-570E-4B3E-BB14-38562944640C}.Release|Any CPU.Build.0 = Release|Any CPU
		{56885E4E-95ED-4DCE-93C3-9CA943FB4396}.Debug|Any CPU.ActiveCfg = Debug|Any CPU
		{56885E4E-95ED-4DCE-93C3-9CA943FB4396}.Debug|Any CPU.Build.0 = Debug|Any CPU
		{56885E4E-95ED-4DCE-93C3-9CA943FB4396}.Release|Any CPU.ActiveCfg = Release|Any CPU
		{56885E4E-95ED-4DCE-93C3-9CA943FB4396}.Release|Any CPU.Build.0 = Release|Any CPU
		{12FEF404-E18C-4D36-2BF5-5E82A2894380}.Debug|Any CPU.ActiveCfg = Debug|Any CPU
		{12FEF404-E18C-4D36-2BF5-5E82A2894380}.Debug|Any CPU.Build.0 = Debug|Any CPU
		{12FEF404-E18C-4D36-2BF5-5E82A2894380}.Release|Any CPU.ActiveCfg = Release|Any CPU
		{12FEF404-E18C-4D36-2BF5-5E82A2894380}.Release|Any CPU.Build.0 = Release|Any CPU
		{015E2BB3-EFFC-46F5-B755-F9D09913EA44}.Debug|Any CPU.ActiveCfg = Debug|Any CPU
		{015E2BB3-EFFC-46F5-B755-F9D09913EA44}.Debug|Any CPU.Build.0 = Debug|Any CPU
		{015E2BB3-EFFC-46F5-B755-F9D09913EA44}.Release|Any CPU.ActiveCfg = Release|Any CPU
		{015E2BB3-EFFC-46F5-B755-F9D09913EA44}.Release|Any CPU.Build.0 = Release|Any CPU
		{A95BC8DB-5B63-E7BA-5B36-3222E2793AB9}.Debug|Any CPU.ActiveCfg = Debug|Any CPU
		{A95BC8DB-5B63-E7BA-5B36-3222E2793AB9}.Debug|Any CPU.Build.0 = Debug|Any CPU
		{A95BC8DB-5B63-E7BA-5B36-3222E2793AB9}.Release|Any CPU.ActiveCfg = Release|Any CPU
		{A95BC8DB-5B63-E7BA-5B36-3222E2793AB9}.Release|Any CPU.Build.0 = Release|Any CPU
		{356921F3-2845-5B0F-124C-33F194A0437E}.Debug|Any CPU.ActiveCfg = Debug|Any CPU
		{356921F3-2845-5B0F-124C-33F194A0437E}.Debug|Any CPU.Build.0 = Debug|Any CPU
		{356921F3-2845-5B0F-124C-33F194A0437E}.Release|Any CPU.ActiveCfg = Release|Any CPU
		{356921F3-2845-5B0F-124C-33F194A0437E}.Release|Any CPU.Build.0 = Release|Any CPU
	EndGlobalSection
	GlobalSection(SolutionProperties) = preSolution
		HideSolutionNode = FALSE
	EndGlobalSection
	GlobalSection(NestedProjects) = preSolution
		{EEE8CB13-16A2-4903-BB19-EFF20ADB1307} = {85FF7E41-8172-4321-9592-E8559B994AD8}
		{A91DD1DF-570E-4B3E-BB14-38562944640C} = {85FF7E41-8172-4321-9592-E8559B994AD8}
		{56885E4E-95ED-4DCE-93C3-9CA943FB4396} = {85FF7E41-8172-4321-9592-E8559B994AD8}
		{12FEF404-E18C-4D36-2BF5-5E82A2894380} = {85FF7E41-8172-4321-9592-E8559B994AD8}
		{91CB26BA-5252-47B0-AFC9-614FEEF203B6} = {66710F64-7D29-4DF0-8A83-B0AFE16EA080}
		{164EBB00-A3D8-44DC-9FAF-43053B610043} = {91CB26BA-5252-47B0-AFC9-614FEEF203B6}
		{03F34EC0-5600-4A53-8856-CB5D29CC6FBC} = {66710F64-7D29-4DF0-8A83-B0AFE16EA080}
		{F6CEE315-E769-487C-AC08-ADC87D1E5213} = {66710F64-7D29-4DF0-8A83-B0AFE16EA080}
		{EA47D701-78B7-4C74-A471-811C7A7204FB} = {66710F64-7D29-4DF0-8A83-B0AFE16EA080}
		{F4B29337-DCC0-4FCB-845F-23115D27C28D} = {66710F64-7D29-4DF0-8A83-B0AFE16EA080}
		{6A0AD3DA-9B80-453D-8678-2C32BF6CB5EA} = {66710F64-7D29-4DF0-8A83-B0AFE16EA080}
		{EE899BAD-5886-4A3B-8C84-5A10C53DB185} = {66710F64-7D29-4DF0-8A83-B0AFE16EA080}
		{83442678-9738-4528-BC4D-C7E46A129352} = {66710F64-7D29-4DF0-8A83-B0AFE16EA080}
		{8098450F-0486-499A-BEE4-236503A34B44} = {66710F64-7D29-4DF0-8A83-B0AFE16EA080}
		{42FD362A-9887-4F32-A6AC-55CD4A14AD1C} = {66710F64-7D29-4DF0-8A83-B0AFE16EA080}
		{015E2BB3-EFFC-46F5-B755-F9D09913EA44} = {164EBB00-A3D8-44DC-9FAF-43053B610043}
		{A95BC8DB-5B63-E7BA-5B36-3222E2793AB9} = {EA47D701-78B7-4C74-A471-811C7A7204FB}
		{356921F3-2845-5B0F-124C-33F194A0437E} = {F4B29337-DCC0-4FCB-845F-23115D27C28D}
	EndGlobalSection
	GlobalSection(ExtensibilityGlobals) = postSolution
		SolutionGuid = {2CFAA9B3-8E36-4B46-AB78-A9C4BE614817}
	EndGlobalSection
EndGlobal
