
Microsoft Visual Studio Solution File, Format Version 12.00
# Visual Studio Version 18
VisualStudioVersion = 18.0.11104.47
MinimumVisualStudioVersion = 10.0.40219.1
Project("{2150E333-8FDC-42A3-9474-1A3956D46DE8}") = "services", "services", "{66710F64-7D29-4DF0-8A83-B0AFE16EA080}"
EndProject
Project("{2150E333-8FDC-42A3-9474-1A3956D46DE8}") = "cart-service", "cart-service", "{03F34EC0-5600-4A53-8856-CB5D29CC6FBC}"
EndProject
Project("{2150E333-8FDC-42A3-9474-1A3956D46DE8}") = "analytic-service", "analytic-service", "{F6CEE315-E769-487C-AC08-ADC87D1E5213}"
EndProject
Project("{2150E333-8FDC-42A3-9474-1A3956D46DE8}") = "gateway", "gateway", "{F4B29337-DCC0-4FCB-845F-23115D27C28D}"
EndProject
Project("{2150E333-8FDC-42A3-9474-1A3956D46DE8}") = "order-service", "order-service", "{EE899BAD-5886-4A3B-8C84-5A10C53DB185}"
EndProject
Project("{2150E333-8FDC-42A3-9474-1A3956D46DE8}") = "product-service", "product-service", "{8098450F-0486-499A-BEE4-236503A34B44}"
EndProject
Project("{2150E333-8FDC-42A3-9474-1A3956D46DE8}") = "user-service", "user-service", "{42FD362A-9887-4F32-A6AC-55CD4A14AD1C}"
EndProject
Project("{FAE04EC0-301F-11D3-BF4B-00C04F79EFBC}") = "UserService", "services\user-service\src\UserService\UserService.csproj", "{C92B6EAB-9D1B-4D5B-AC9D-2CA1C9F0421C}"
EndProject
Project("{FAE04EC0-301F-11D3-BF4B-00C04F79EFBC}") = "ProductService", "services\product-service\src\ProductService\ProductService.csproj", "{2CE1ADF9-E853-4C61-B0E1-E2439CAD5C3E}"
EndProject
Project("{2150E333-8FDC-42A3-9474-1A3956D46DE8}") = "Solution Items", "Solution Items", "{3119C639-BCB0-4481-99FD-BDB2D645511F}"
	ProjectSection(SolutionItems) = preProject
		.env.example = .env.example
		docker-compose.yml = docker-compose.yml
	EndProjectSection
EndProject
Project("{2150E333-8FDC-42A3-9474-1A3956D46DE8}") = "book-service", "book-service", "{7D7AE417-4E5C-4BB3-BC93-D756F3352972}"
EndProject
Project("{FAE04EC0-301F-11D3-BF4B-00C04F79EFBC}") = "BookService", "services\book-service\src\BookService\BookService.csproj", "{81E8B509-3F63-4671-A4C0-7BA93486571D}"
EndProject
Project("{2150E333-8FDC-42A3-9474-1A3956D46DE8}") = "reservation-service", "reservation-service", "{8E433D9C-60A4-4233-A84C-D124C3A15504}"
EndProject
Project("{FAE04EC0-301F-11D3-BF4B-00C04F79EFBC}") = "ReservationService", "services\reservation-service\src\ReservationService\ReservationService.csproj", "{FD0E3ABD-0619-4872-B83F-84F6DD410E66}"
EndProject
Project("{FAE04EC0-301F-11D3-BF4B-00C04F79EFBC}") = "CartService", "services\cart-service\src\CartService\CartService.csproj", "{747C3085-BCC8-486A-B90D-7DDFE9EAC865}"
EndProject
Project("{FAE04EC0-301F-11D3-BF4B-00C04F79EFBC}") = "UserService.Tests", "services\user-service\UserService.Tests\UserService.Tests.csproj", "{AECE3CC8-D137-4BC0-8493-CCD226CEC5BD}"
EndProject
Project("{FAE04EC0-301F-11D3-BF4B-00C04F79EFBC}") = "ReservationService.Tests", "services\reservation-service\ReservationService.Tests\ReservationService.Tests.csproj", "{FEA22B83-110F-442A-93F5-50AA2AC2F2DF}"
EndProject
Project("{FAE04EC0-301F-11D3-BF4B-00C04F79EFBC}") = "ProductService.Tests", "services\product-service\ProductService.Tests\ProductService.Tests.csproj", "{B9BDD017-338B-4D1A-9EF4-55B9F718C4D9}"
EndProject
Project("{FAE04EC0-301F-11D3-BF4B-00C04F79EFBC}") = "CartService.Tests", "services\cart-service\CartService.Tests\CartService.Tests.csproj", "{28ED086C-BCF3-4536-A0DA-2D9482081ADC}"
EndProject
Project("{FAE04EC0-301F-11D3-BF4B-00C04F79EFBC}") = "BookService.Tests", "services\book-service\BookService.Tests\BookService.Tests.csproj", "{DD02A168-98AA-4085-8564-F475A037154F}"
EndProject
Project("{FAE04EC0-301F-11D3-BF4B-00C04F79EFBC}") = "AnalyticsService", "services\AnalyticsService\src\AnalyticsService.csproj", "{C600A7AC-CB82-49EC-B4DF-B31926BA795D}"
EndProject
Project("{FAE04EC0-301F-11D3-BF4B-00C04F79EFBC}") = "AnalyticsService.Tests", "services\AnalyticsService\AnalyticsService.Tests\AnalyticsService.Tests.csproj", "{2FB798D4-B3A8-479D-BE9E-6A83643BEA44}"
EndProject
Project("{FAE04EC0-301F-11D3-BF4B-00C04F79EFBC}") = "OrderService", "services\OrderService\src\OrderService.csproj", "{BED42D52-6AD4-4073-A311-601EF2D89340}"
EndProject
Project("{FAE04EC0-301F-11D3-BF4B-00C04F79EFBC}") = "OrderService.Tests", "services\OrderService\OrderService.Tests\OrderService.Tests.csproj", "{67D5237B-9E46-4CC4-AC03-C9C3A74E7698}"
EndProject
Project("{FAE04EC0-301F-11D3-BF4B-00C04F79EFBC}") = "FeaneGateway", "services\gateway\src\FeaneGateway.csproj", "{77A45A14-CC04-4486-898D-46C99B04375B}"
EndProject
Project("{FAE04EC0-301F-11D3-BF4B-00C04F79EFBC}") = "FeaneGateway.Tests", "services\gateway\FeaneGateway.Tests\FeaneGateway.Tests.csproj", "{DBA6E341-CD92-44AC-AFD6-7667AA3EF499}"
EndProject
Project("{2150E333-8FDC-42A3-9474-1A3956D46DE8}") = "frontend", "frontend", "{A4723F3B-0D48-93BA-0A72-335091E79D2E}"
EndProject
Project("{2150E333-8FDC-42A3-9474-1A3956D46DE8}") = "src", "src", "{F042D228-7BD3-C99A-699C-3F18430C9459}"
EndProject
Project("{FAE04EC0-301F-11D3-BF4B-00C04F79EFBC}") = "Feane.Frontend", "services\frontend\src\Feane.Frontend.csproj", "{6F5B12B3-55BD-45AB-872B-DF557256C626}"
EndProject
Project("{2150E333-8FDC-42A3-9474-1A3956D46DE8}") = "src", "src", "{B1BA9E2A-2BFD-303A-39CD-4BBF7FE394D3}"
EndProject
Project("{2150E333-8FDC-42A3-9474-1A3956D46DE8}") = "AnalyticsService", "AnalyticsService", "{6B260043-EF88-C4A9-B73C-79CE3D60705D}"
EndProject
Project("{2150E333-8FDC-42A3-9474-1A3956D46DE8}") = "src", "src", "{594A7776-13A5-C14E-FC4C-0C721F49CAE2}"
EndProject
Project("{2150E333-8FDC-42A3-9474-1A3956D46DE8}") = "OrderService", "OrderService", "{9A7643F6-31AB-B495-C154-AAF521DA49C3}"
EndProject
Project("{2150E333-8FDC-42A3-9474-1A3956D46DE8}") = "src", "src", "{0681BE1E-ED34-53A7-A9CB-9E06BC531467}"
EndProject
Global
	GlobalSection(SolutionConfigurationPlatforms) = preSolution
		Debug|Any CPU = Debug|Any CPU
		Debug|x64 = Debug|x64
		Debug|x86 = Debug|x86
		Release|Any CPU = Release|Any CPU
		Release|x64 = Release|x64
		Release|x86 = Release|x86
	EndGlobalSection
	GlobalSection(ProjectConfigurationPlatforms) = postSolution
		{C92B6EAB-9D1B-4D5B-AC9D-2CA1C9F0421C}.Debug|Any CPU.ActiveCfg = Debug|Any CPU
		{C92B6EAB-9D1B-4D5B-AC9D-2CA1C9F0421C}.Debug|Any CPU.Build.0 = Debug|Any CPU
		{C92B6EAB-9D1B-4D5B-AC9D-2CA1C9F0421C}.Debug|x64.ActiveCfg = Debug|Any CPU
		{C92B6EAB-9D1B-4D5B-AC9D-2CA1C9F0421C}.Debug|x64.Build.0 = Debug|Any CPU
		{C92B6EAB-9D1B-4D5B-AC9D-2CA1C9F0421C}.Debug|x86.ActiveCfg = Debug|Any CPU
		{C92B6EAB-9D1B-4D5B-AC9D-2CA1C9F0421C}.Debug|x86.Build.0 = Debug|Any CPU
		{C92B6EAB-9D1B-4D5B-AC9D-2CA1C9F0421C}.Release|Any CPU.ActiveCfg = Release|Any CPU
		{C92B6EAB-9D1B-4D5B-AC9D-2CA1C9F0421C}.Release|Any CPU.Build.0 = Release|Any CPU
		{C92B6EAB-9D1B-4D5B-AC9D-2CA1C9F0421C}.Release|x64.ActiveCfg = Release|Any CPU
		{C92B6EAB-9D1B-4D5B-AC9D-2CA1C9F0421C}.Release|x64.Build.0 = Release|Any CPU
		{C92B6EAB-9D1B-4D5B-AC9D-2CA1C9F0421C}.Release|x86.ActiveCfg = Release|Any CPU
		{C92B6EAB-9D1B-4D5B-AC9D-2CA1C9F0421C}.Release|x86.Build.0 = Release|Any CPU
		{2CE1ADF9-E853-4C61-B0E1-E2439CAD5C3E}.Debug|Any CPU.ActiveCfg = Debug|Any CPU
		{2CE1ADF9-E853-4C61-B0E1-E2439CAD5C3E}.Debug|Any CPU.Build.0 = Debug|Any CPU
		{2CE1ADF9-E853-4C61-B0E1-E2439CAD5C3E}.Debug|x64.ActiveCfg = Debug|Any CPU
		{2CE1ADF9-E853-4C61-B0E1-E2439CAD5C3E}.Debug|x64.Build.0 = Debug|Any CPU
		{2CE1ADF9-E853-4C61-B0E1-E2439CAD5C3E}.Debug|x86.ActiveCfg = Debug|Any CPU
		{2CE1ADF9-E853-4C61-B0E1-E2439CAD5C3E}.Debug|x86.Build.0 = Debug|Any CPU
		{2CE1ADF9-E853-4C61-B0E1-E2439CAD5C3E}.Release|Any CPU.ActiveCfg = Release|Any CPU
		{2CE1ADF9-E853-4C61-B0E1-E2439CAD5C3E}.Release|Any CPU.Build.0 = Release|Any CPU
		{2CE1ADF9-E853-4C61-B0E1-E2439CAD5C3E}.Release|x64.ActiveCfg = Release|Any CPU
		{2CE1ADF9-E853-4C61-B0E1-E2439CAD5C3E}.Release|x64.Build.0 = Release|Any CPU
		{2CE1ADF9-E853-4C61-B0E1-E2439CAD5C3E}.Release|x86.ActiveCfg = Release|Any CPU
		{2CE1ADF9-E853-4C61-B0E1-E2439CAD5C3E}.Release|x86.Build.0 = Release|Any CPU
		{81E8B509-3F63-4671-A4C0-7BA93486571D}.Debug|Any CPU.ActiveCfg = Debug|Any CPU
		{81E8B509-3F63-4671-A4C0-7BA93486571D}.Debug|Any CPU.Build.0 = Debug|Any CPU
		{81E8B509-3F63-4671-A4C0-7BA93486571D}.Debug|x64.ActiveCfg = Debug|Any CPU
		{81E8B509-3F63-4671-A4C0-7BA93486571D}.Debug|x64.Build.0 = Debug|Any CPU
		{81E8B509-3F63-4671-A4C0-7BA93486571D}.Debug|x86.ActiveCfg = Debug|Any CPU
		{81E8B509-3F63-4671-A4C0-7BA93486571D}.Debug|x86.Build.0 = Debug|Any CPU
		{81E8B509-3F63-4671-A4C0-7BA93486571D}.Release|Any CPU.ActiveCfg = Release|Any CPU
		{81E8B509-3F63-4671-A4C0-7BA93486571D}.Release|Any CPU.Build.0 = Release|Any CPU
		{81E8B509-3F63-4671-A4C0-7BA93486571D}.Release|x64.ActiveCfg = Release|Any CPU
		{81E8B509-3F63-4671-A4C0-7BA93486571D}.Release|x64.Build.0 = Release|Any CPU
		{81E8B509-3F63-4671-A4C0-7BA93486571D}.Release|x86.ActiveCfg = Release|Any CPU
		{81E8B509-3F63-4671-A4C0-7BA93486571D}.Release|x86.Build.0 = Release|Any CPU
		{FD0E3ABD-0619-4872-B83F-84F6DD410E66}.Debug|Any CPU.ActiveCfg = Debug|Any CPU
		{FD0E3ABD-0619-4872-B83F-84F6DD410E66}.Debug|Any CPU.Build.0 = Debug|Any CPU
		{FD0E3ABD-0619-4872-B83F-84F6DD410E66}.Debug|x64.ActiveCfg = Debug|Any CPU
		{FD0E3ABD-0619-4872-B83F-84F6DD410E66}.Debug|x64.Build.0 = Debug|Any CPU
		{FD0E3ABD-0619-4872-B83F-84F6DD410E66}.Debug|x86.ActiveCfg = Debug|Any CPU
		{FD0E3ABD-0619-4872-B83F-84F6DD410E66}.Debug|x86.Build.0 = Debug|Any CPU
		{FD0E3ABD-0619-4872-B83F-84F6DD410E66}.Release|Any CPU.ActiveCfg = Release|Any CPU
		{FD0E3ABD-0619-4872-B83F-84F6DD410E66}.Release|Any CPU.Build.0 = Release|Any CPU
		{FD0E3ABD-0619-4872-B83F-84F6DD410E66}.Release|x64.ActiveCfg = Release|Any CPU
		{FD0E3ABD-0619-4872-B83F-84F6DD410E66}.Release|x64.Build.0 = Release|Any CPU
		{FD0E3ABD-0619-4872-B83F-84F6DD410E66}.Release|x86.ActiveCfg = Release|Any CPU
		{FD0E3ABD-0619-4872-B83F-84F6DD410E66}.Release|x86.Build.0 = Release|Any CPU
		{747C3085-BCC8-486A-B90D-7DDFE9EAC865}.Debug|Any CPU.ActiveCfg = Debug|Any CPU
		{747C3085-BCC8-486A-B90D-7DDFE9EAC865}.Debug|Any CPU.Build.0 = Debug|Any CPU
		{747C3085-BCC8-486A-B90D-7DDFE9EAC865}.Debug|x64.ActiveCfg = Debug|Any CPU
		{747C3085-BCC8-486A-B90D-7DDFE9EAC865}.Debug|x64.Build.0 = Debug|Any CPU
		{747C3085-BCC8-486A-B90D-7DDFE9EAC865}.Debug|x86.ActiveCfg = Debug|Any CPU
		{747C3085-BCC8-486A-B90D-7DDFE9EAC865}.Debug|x86.Build.0 = Debug|Any CPU
		{747C3085-BCC8-486A-B90D-7DDFE9EAC865}.Release|Any CPU.ActiveCfg = Release|Any CPU
		{747C3085-BCC8-486A-B90D-7DDFE9EAC865}.Release|Any CPU.Build.0 = Release|Any CPU
		{747C3085-BCC8-486A-B90D-7DDFE9EAC865}.Release|x64.ActiveCfg = Release|Any CPU
		{747C3085-BCC8-486A-B90D-7DDFE9EAC865}.Release|x64.Build.0 = Release|Any CPU
		{747C3085-BCC8-486A-B90D-7DDFE9EAC865}.Release|x86.ActiveCfg = Release|Any CPU
		{747C3085-BCC8-486A-B90D-7DDFE9EAC865}.Release|x86.Build.0 = Release|Any CPU
		{AECE3CC8-D137-4BC0-8493-CCD226CEC5BD}.Debug|Any CPU.ActiveCfg = Debug|Any CPU
		{AECE3CC8-D137-4BC0-8493-CCD226CEC5BD}.Debug|Any CPU.Build.0 = Debug|Any CPU
		{AECE3CC8-D137-4BC0-8493-CCD226CEC5BD}.Debug|x64.ActiveCfg = Debug|Any CPU
		{AECE3CC8-D137-4BC0-8493-CCD226CEC5BD}.Debug|x64.Build.0 = Debug|Any CPU
		{AECE3CC8-D137-4BC0-8493-CCD226CEC5BD}.Debug|x86.ActiveCfg = Debug|Any CPU
		{AECE3CC8-D137-4BC0-8493-CCD226CEC5BD}.Debug|x86.Build.0 = Debug|Any CPU
		{AECE3CC8-D137-4BC0-8493-CCD226CEC5BD}.Release|Any CPU.ActiveCfg = Release|Any CPU
		{AECE3CC8-D137-4BC0-8493-CCD226CEC5BD}.Release|Any CPU.Build.0 = Release|Any CPU
		{AECE3CC8-D137-4BC0-8493-CCD226CEC5BD}.Release|x64.ActiveCfg = Release|Any CPU
		{AECE3CC8-D137-4BC0-8493-CCD226CEC5BD}.Release|x64.Build.0 = Release|Any CPU
		{AECE3CC8-D137-4BC0-8493-CCD226CEC5BD}.Release|x86.ActiveCfg = Release|Any CPU
		{AECE3CC8-D137-4BC0-8493-CCD226CEC5BD}.Release|x86.Build.0 = Release|Any CPU
		{FEA22B83-110F-442A-93F5-50AA2AC2F2DF}.Debug|Any CPU.ActiveCfg = Debug|Any CPU
		{FEA22B83-110F-442A-93F5-50AA2AC2F2DF}.Debug|Any CPU.Build.0 = Debug|Any CPU
		{FEA22B83-110F-442A-93F5-50AA2AC2F2DF}.Debug|x64.ActiveCfg = Debug|Any CPU
		{FEA22B83-110F-442A-93F5-50AA2AC2F2DF}.Debug|x64.Build.0 = Debug|Any CPU
		{FEA22B83-110F-442A-93F5-50AA2AC2F2DF}.Debug|x86.ActiveCfg = Debug|Any CPU
		{FEA22B83-110F-442A-93F5-50AA2AC2F2DF}.Debug|x86.Build.0 = Debug|Any CPU
		{FEA22B83-110F-442A-93F5-50AA2AC2F2DF}.Release|Any CPU.ActiveCfg = Release|Any CPU
		{FEA22B83-110F-442A-93F5-50AA2AC2F2DF}.Release|Any CPU.Build.0 = Release|Any CPU
		{FEA22B83-110F-442A-93F5-50AA2AC2F2DF}.Release|x64.ActiveCfg = Release|Any CPU
		{FEA22B83-110F-442A-93F5-50AA2AC2F2DF}.Release|x64.Build.0 = Release|Any CPU
		{FEA22B83-110F-442A-93F5-50AA2AC2F2DF}.Release|x86.ActiveCfg = Release|Any CPU
		{FEA22B83-110F-442A-93F5-50AA2AC2F2DF}.Release|x86.Build.0 = Release|Any CPU
		{B9BDD017-338B-4D1A-9EF4-55B9F718C4D9}.Debug|Any CPU.ActiveCfg = Debug|Any CPU
		{B9BDD017-338B-4D1A-9EF4-55B9F718C4D9}.Debug|Any CPU.Build.0 = Debug|Any CPU
		{B9BDD017-338B-4D1A-9EF4-55B9F718C4D9}.Debug|x64.ActiveCfg = Debug|Any CPU
		{B9BDD017-338B-4D1A-9EF4-55B9F718C4D9}.Debug|x64.Build.0 = Debug|Any CPU
		{B9BDD017-338B-4D1A-9EF4-55B9F718C4D9}.Debug|x86.ActiveCfg = Debug|Any CPU
		{B9BDD017-338B-4D1A-9EF4-55B9F718C4D9}.Debug|x86.Build.0 = Debug|Any CPU
		{B9BDD017-338B-4D1A-9EF4-55B9F718C4D9}.Release|Any CPU.ActiveCfg = Release|Any CPU
		{B9BDD017-338B-4D1A-9EF4-55B9F718C4D9}.Release|Any CPU.Build.0 = Release|Any CPU
		{B9BDD017-338B-4D1A-9EF4-55B9F718C4D9}.Release|x64.ActiveCfg = Release|Any CPU
		{B9BDD017-338B-4D1A-9EF4-55B9F718C4D9}.Release|x64.Build.0 = Release|Any CPU
		{B9BDD017-338B-4D1A-9EF4-55B9F718C4D9}.Release|x86.ActiveCfg = Release|Any CPU
		{B9BDD017-338B-4D1A-9EF4-55B9F718C4D9}.Release|x86.Build.0 = Release|Any CPU
		{28ED086C-BCF3-4536-A0DA-2D9482081ADC}.Debug|Any CPU.ActiveCfg = Debug|Any CPU
		{28ED086C-BCF3-4536-A0DA-2D9482081ADC}.Debug|Any CPU.Build.0 = Debug|Any CPU
		{28ED086C-BCF3-4536-A0DA-2D9482081ADC}.Debug|x64.ActiveCfg = Debug|Any CPU
		{28ED086C-BCF3-4536-A0DA-2D9482081ADC}.Debug|x64.Build.0 = Debug|Any CPU
		{28ED086C-BCF3-4536-A0DA-2D9482081ADC}.Debug|x86.ActiveCfg = Debug|Any CPU
		{28ED086C-BCF3-4536-A0DA-2D9482081ADC}.Debug|x86.Build.0 = Debug|Any CPU
		{28ED086C-BCF3-4536-A0DA-2D9482081ADC}.Release|Any CPU.ActiveCfg = Release|Any CPU
		{28ED086C-BCF3-4536-A0DA-2D9482081ADC}.Release|Any CPU.Build.0 = Release|Any CPU
		{28ED086C-BCF3-4536-A0DA-2D9482081ADC}.Release|x64.ActiveCfg = Release|Any CPU
		{28ED086C-BCF3-4536-A0DA-2D9482081ADC}.Release|x64.Build.0 = Release|Any CPU
		{28ED086C-BCF3-4536-A0DA-2D9482081ADC}.Release|x86.ActiveCfg = Release|Any CPU
		{28ED086C-BCF3-4536-A0DA-2D9482081ADC}.Release|x86.Build.0 = Release|Any CPU
		{DD02A168-98AA-4085-8564-F475A037154F}.Debug|Any CPU.ActiveCfg = Debug|Any CPU
		{DD02A168-98AA-4085-8564-F475A037154F}.Debug|Any CPU.Build.0 = Debug|Any CPU
		{DD02A168-98AA-4085-8564-F475A037154F}.Debug|x64.ActiveCfg = Debug|Any CPU
		{DD02A168-98AA-4085-8564-F475A037154F}.Debug|x64.Build.0 = Debug|Any CPU
		{DD02A168-98AA-4085-8564-F475A037154F}.Debug|x86.ActiveCfg = Debug|Any CPU
		{DD02A168-98AA-4085-8564-F475A037154F}.Debug|x86.Build.0 = Debug|Any CPU
		{DD02A168-98AA-4085-8564-F475A037154F}.Release|Any CPU.ActiveCfg = Release|Any CPU
		{DD02A168-98AA-4085-8564-F475A037154F}.Release|Any CPU.Build.0 = Release|Any CPU
		{DD02A168-98AA-4085-8564-F475A037154F}.Release|x64.ActiveCfg = Release|Any CPU
		{DD02A168-98AA-4085-8564-F475A037154F}.Release|x64.Build.0 = Release|Any CPU
		{DD02A168-98AA-4085-8564-F475A037154F}.Release|x86.ActiveCfg = Release|Any CPU
		{DD02A168-98AA-4085-8564-F475A037154F}.Release|x86.Build.0 = Release|Any CPU
		{C600A7AC-CB82-49EC-B4DF-B31926BA795D}.Debug|Any CPU.ActiveCfg = Debug|Any CPU
		{C600A7AC-CB82-49EC-B4DF-B31926BA795D}.Debug|Any CPU.Build.0 = Debug|Any CPU
		{C600A7AC-CB82-49EC-B4DF-B31926BA795D}.Debug|x64.ActiveCfg = Debug|Any CPU
		{C600A7AC-CB82-49EC-B4DF-B31926BA795D}.Debug|x64.Build.0 = Debug|Any CPU
		{C600A7AC-CB82-49EC-B4DF-B31926BA795D}.Debug|x86.ActiveCfg = Debug|Any CPU
		{C600A7AC-CB82-49EC-B4DF-B31926BA795D}.Debug|x86.Build.0 = Debug|Any CPU
		{C600A7AC-CB82-49EC-B4DF-B31926BA795D}.Release|Any CPU.ActiveCfg = Release|Any CPU
		{C600A7AC-CB82-49EC-B4DF-B31926BA795D}.Release|Any CPU.Build.0 = Release|Any CPU
		{C600A7AC-CB82-49EC-B4DF-B31926BA795D}.Release|x64.ActiveCfg = Release|Any CPU
		{C600A7AC-CB82-49EC-B4DF-B31926BA795D}.Release|x64.Build.0 = Release|Any CPU
		{C600A7AC-CB82-49EC-B4DF-B31926BA795D}.Release|x86.ActiveCfg = Release|Any CPU
		{C600A7AC-CB82-49EC-B4DF-B31926BA795D}.Release|x86.Build.0 = Release|Any CPU
		{2FB798D4-B3A8-479D-BE9E-6A83643BEA44}.Debug|Any CPU.ActiveCfg = Debug|Any CPU
		{2FB798D4-B3A8-479D-BE9E-6A83643BEA44}.Debug|Any CPU.Build.0 = Debug|Any CPU
		{2FB798D4-B3A8-479D-BE9E-6A83643BEA44}.Debug|x64.ActiveCfg = Debug|Any CPU
		{2FB798D4-B3A8-479D-BE9E-6A83643BEA44}.Debug|x64.Build.0 = Debug|Any CPU
		{2FB798D4-B3A8-479D-BE9E-6A83643BEA44}.Debug|x86.ActiveCfg = Debug|Any CPU
		{2FB798D4-B3A8-479D-BE9E-6A83643BEA44}.Debug|x86.Build.0 = Debug|Any CPU
		{2FB798D4-B3A8-479D-BE9E-6A83643BEA44}.Release|Any CPU.ActiveCfg = Release|Any CPU
		{2FB798D4-B3A8-479D-BE9E-6A83643BEA44}.Release|Any CPU.Build.0 = Release|Any CPU
		{2FB798D4-B3A8-479D-BE9E-6A83643BEA44}.Release|x64.ActiveCfg = Release|Any CPU
		{2FB798D4-B3A8-479D-BE9E-6A83643BEA44}.Release|x64.Build.0 = Release|Any CPU
		{2FB798D4-B3A8-479D-BE9E-6A83643BEA44}.Release|x86.ActiveCfg = Release|Any CPU
		{2FB798D4-B3A8-479D-BE9E-6A83643BEA44}.Release|x86.Build.0 = Release|Any CPU
		{BED42D52-6AD4-4073-A311-601EF2D89340}.Debug|Any CPU.ActiveCfg = Debug|Any CPU
		{BED42D52-6AD4-4073-A311-601EF2D89340}.Debug|Any CPU.Build.0 = Debug|Any CPU
		{BED42D52-6AD4-4073-A311-601EF2D89340}.Debug|x64.ActiveCfg = Debug|Any CPU
		{BED42D52-6AD4-4073-A311-601EF2D89340}.Debug|x64.Build.0 = Debug|Any CPU
		{BED42D52-6AD4-4073-A311-601EF2D89340}.Debug|x86.ActiveCfg = Debug|Any CPU
		{BED42D52-6AD4-4073-A311-601EF2D89340}.Debug|x86.Build.0 = Debug|Any CPU
		{BED42D52-6AD4-4073-A311-601EF2D89340}.Release|Any CPU.ActiveCfg = Release|Any CPU
		{BED42D52-6AD4-4073-A311-601EF2D89340}.Release|Any CPU.Build.0 = Release|Any CPU
		{BED42D52-6AD4-4073-A311-601EF2D89340}.Release|x64.ActiveCfg = Release|Any CPU
		{BED42D52-6AD4-4073-A311-601EF2D89340}.Release|x64.Build.0 = Release|Any CPU
		{BED42D52-6AD4-4073-A311-601EF2D89340}.Release|x86.ActiveCfg = Release|Any CPU
		{BED42D52-6AD4-4073-A311-601EF2D89340}.Release|x86.Build.0 = Release|Any CPU
		{67D5237B-9E46-4CC4-AC03-C9C3A74E7698}.Debug|Any CPU.ActiveCfg = Debug|Any CPU
		{67D5237B-9E46-4CC4-AC03-C9C3A74E7698}.Debug|Any CPU.Build.0 = Debug|Any CPU
		{67D5237B-9E46-4CC4-AC03-C9C3A74E7698}.Debug|x64.ActiveCfg = Debug|Any CPU
		{67D5237B-9E46-4CC4-AC03-C9C3A74E7698}.Debug|x64.Build.0 = Debug|Any CPU
		{67D5237B-9E46-4CC4-AC03-C9C3A74E7698}.Debug|x86.ActiveCfg = Debug|Any CPU
		{67D5237B-9E46-4CC4-AC03-C9C3A74E7698}.Debug|x86.Build.0 = Debug|Any CPU
		{67D5237B-9E46-4CC4-AC03-C9C3A74E7698}.Release|Any CPU.ActiveCfg = Release|Any CPU
		{67D5237B-9E46-4CC4-AC03-C9C3A74E7698}.Release|Any CPU.Build.0 = Release|Any CPU
		{67D5237B-9E46-4CC4-AC03-C9C3A74E7698}.Release|x64.ActiveCfg = Release|Any CPU
		{67D5237B-9E46-4CC4-AC03-C9C3A74E7698}.Release|x64.Build.0 = Release|Any CPU
		{67D5237B-9E46-4CC4-AC03-C9C3A74E7698}.Release|x86.ActiveCfg = Release|Any CPU
		{67D5237B-9E46-4CC4-AC03-C9C3A74E7698}.Release|x86.Build.0 = Release|Any CPU
		{77A45A14-CC04-4486-898D-46C99B04375B}.Debug|Any CPU.ActiveCfg = Debug|Any CPU
		{77A45A14-CC04-4486-898D-46C99B04375B}.Debug|Any CPU.Build.0 = Debug|Any CPU
		{77A45A14-CC04-4486-898D-46C99B04375B}.Debug|x64.ActiveCfg = Debug|Any CPU
		{77A45A14-CC04-4486-898D-46C99B04375B}.Debug|x64.Build.0 = Debug|Any CPU
		{77A45A14-CC04-4486-898D-46C99B04375B}.Debug|x86.ActiveCfg = Debug|Any CPU
		{77A45A14-CC04-4486-898D-46C99B04375B}.Debug|x86.Build.0 = Debug|Any CPU
		{77A45A14-CC04-4486-898D-46C99B04375B}.Release|Any CPU.ActiveCfg = Release|Any CPU
		{77A45A14-CC04-4486-898D-46C99B04375B}.Release|Any CPU.Build.0 = Release|Any CPU
		{77A45A14-CC04-4486-898D-46C99B04375B}.Release|x64.ActiveCfg = Release|Any CPU
		{77A45A14-CC04-4486-898D-46C99B04375B}.Release|x64.Build.0 = Release|Any CPU
		{77A45A14-CC04-4486-898D-46C99B04375B}.Release|x86.ActiveCfg = Release|Any CPU
		{77A45A14-CC04-4486-898D-46C99B04375B}.Release|x86.Build.0 = Release|Any CPU
		{DBA6E341-CD92-44AC-AFD6-7667AA3EF499}.Debug|Any CPU.ActiveCfg = Debug|Any CPU
		{DBA6E341-CD92-44AC-AFD6-7667AA3EF499}.Debug|Any CPU.Build.0 = Debug|Any CPU
		{DBA6E341-CD92-44AC-AFD6-7667AA3EF499}.Debug|x64.ActiveCfg = Debug|Any CPU
		{DBA6E341-CD92-44AC-AFD6-7667AA3EF499}.Debug|x64.Build.0 = Debug|Any CPU
		{DBA6E341-CD92-44AC-AFD6-7667AA3EF499}.Debug|x86.ActiveCfg = Debug|Any CPU
		{DBA6E341-CD92-44AC-AFD6-7667AA3EF499}.Debug|x86.Build.0 = Debug|Any CPU
		{DBA6E341-CD92-44AC-AFD6-7667AA3EF499}.Release|Any CPU.ActiveCfg = Release|Any CPU
		{DBA6E341-CD92-44AC-AFD6-7667AA3EF499}.Release|Any CPU.Build.0 = Release|Any CPU
		{DBA6E341-CD92-44AC-AFD6-7667AA3EF499}.Release|x64.ActiveCfg = Release|Any CPU
		{DBA6E341-CD92-44AC-AFD6-7667AA3EF499}.Release|x64.Build.0 = Release|Any CPU
		{DBA6E341-CD92-44AC-AFD6-7667AA3EF499}.Release|x86.ActiveCfg = Release|Any CPU
		{DBA6E341-CD92-44AC-AFD6-7667AA3EF499}.Release|x86.Build.0 = Release|Any CPU
		{6F5B12B3-55BD-45AB-872B-DF557256C626}.Debug|Any CPU.ActiveCfg = Debug|Any CPU
		{6F5B12B3-55BD-45AB-872B-DF557256C626}.Debug|Any CPU.Build.0 = Debug|Any CPU
		{6F5B12B3-55BD-45AB-872B-DF557256C626}.Debug|x64.ActiveCfg = Debug|Any CPU
		{6F5B12B3-55BD-45AB-872B-DF557256C626}.Debug|x64.Build.0 = Debug|Any CPU
		{6F5B12B3-55BD-45AB-872B-DF557256C626}.Debug|x86.ActiveCfg = Debug|Any CPU
		{6F5B12B3-55BD-45AB-872B-DF557256C626}.Debug|x86.Build.0 = Debug|Any CPU
		{6F5B12B3-55BD-45AB-872B-DF557256C626}.Release|Any CPU.ActiveCfg = Release|Any CPU
		{6F5B12B3-55BD-45AB-872B-DF557256C626}.Release|Any CPU.Build.0 = Release|Any CPU
		{6F5B12B3-55BD-45AB-872B-DF557256C626}.Release|x64.ActiveCfg = Release|Any CPU
		{6F5B12B3-55BD-45AB-872B-DF557256C626}.Release|x64.Build.0 = Release|Any CPU
		{6F5B12B3-55BD-45AB-872B-DF557256C626}.Release|x86.ActiveCfg = Release|Any CPU
		{6F5B12B3-55BD-45AB-872B-DF557256C626}.Release|x86.Build.0 = Release|Any CPU
	EndGlobalSection
	GlobalSection(SolutionProperties) = preSolution
		HideSolutionNode = FALSE
	EndGlobalSection
	GlobalSection(NestedProjects) = preSolution
		{03F34EC0-5600-4A53-8856-CB5D29CC6FBC} = {66710F64-7D29-4DF0-8A83-B0AFE16EA080}
		{F6CEE315-E769-487C-AC08-ADC87D1E5213} = {66710F64-7D29-4DF0-8A83-B0AFE16EA080}
		{F4B29337-DCC0-4FCB-845F-23115D27C28D} = {66710F64-7D29-4DF0-8A83-B0AFE16EA080}
		{EE899BAD-5886-4A3B-8C84-5A10C53DB185} = {66710F64-7D29-4DF0-8A83-B0AFE16EA080}
		{8098450F-0486-499A-BEE4-236503A34B44} = {66710F64-7D29-4DF0-8A83-B0AFE16EA080}
		{42FD362A-9887-4F32-A6AC-55CD4A14AD1C} = {66710F64-7D29-4DF0-8A83-B0AFE16EA080}
		{C92B6EAB-9D1B-4D5B-AC9D-2CA1C9F0421C} = {42FD362A-9887-4F32-A6AC-55CD4A14AD1C}
		{2CE1ADF9-E853-4C61-B0E1-E2439CAD5C3E} = {8098450F-0486-499A-BEE4-236503A34B44}
		{7D7AE417-4E5C-4BB3-BC93-D756F3352972} = {66710F64-7D29-4DF0-8A83-B0AFE16EA080}
		{81E8B509-3F63-4671-A4C0-7BA93486571D} = {7D7AE417-4E5C-4BB3-BC93-D756F3352972}
		{8E433D9C-60A4-4233-A84C-D124C3A15504} = {66710F64-7D29-4DF0-8A83-B0AFE16EA080}
		{FD0E3ABD-0619-4872-B83F-84F6DD410E66} = {8E433D9C-60A4-4233-A84C-D124C3A15504}
		{747C3085-BCC8-486A-B90D-7DDFE9EAC865} = {03F34EC0-5600-4A53-8856-CB5D29CC6FBC}
		{AECE3CC8-D137-4BC0-8493-CCD226CEC5BD} = {42FD362A-9887-4F32-A6AC-55CD4A14AD1C}
		{FEA22B83-110F-442A-93F5-50AA2AC2F2DF} = {8E433D9C-60A4-4233-A84C-D124C3A15504}
		{B9BDD017-338B-4D1A-9EF4-55B9F718C4D9} = {8098450F-0486-499A-BEE4-236503A34B44}
		{28ED086C-BCF3-4536-A0DA-2D9482081ADC} = {03F34EC0-5600-4A53-8856-CB5D29CC6FBC}
		{DD02A168-98AA-4085-8564-F475A037154F} = {7D7AE417-4E5C-4BB3-BC93-D756F3352972}
		{C600A7AC-CB82-49EC-B4DF-B31926BA795D} = {F6CEE315-E769-487C-AC08-ADC87D1E5213}
		{2FB798D4-B3A8-479D-BE9E-6A83643BEA44} = {F6CEE315-E769-487C-AC08-ADC87D1E5213}
		{BED42D52-6AD4-4073-A311-601EF2D89340} = {EE899BAD-5886-4A3B-8C84-5A10C53DB185}
		{67D5237B-9E46-4CC4-AC03-C9C3A74E7698} = {EE899BAD-5886-4A3B-8C84-5A10C53DB185}
		{77A45A14-CC04-4486-898D-46C99B04375B} = {F4B29337-DCC0-4FCB-845F-23115D27C28D}
		{DBA6E341-CD92-44AC-AFD6-7667AA3EF499} = {F4B29337-DCC0-4FCB-845F-23115D27C28D}
		{A4723F3B-0D48-93BA-0A72-335091E79D2E} = {66710F64-7D29-4DF0-8A83-B0AFE16EA080}
		{F042D228-7BD3-C99A-699C-3F18430C9459} = {A4723F3B-0D48-93BA-0A72-335091E79D2E}
		{6F5B12B3-55BD-45AB-872B-DF557256C626} = {F042D228-7BD3-C99A-699C-3F18430C9459}
		{B1BA9E2A-2BFD-303A-39CD-4BBF7FE394D3} = {F4B29337-DCC0-4FCB-845F-23115D27C28D}
		{6B260043-EF88-C4A9-B73C-79CE3D60705D} = {66710F64-7D29-4DF0-8A83-B0AFE16EA080}
		{594A7776-13A5-C14E-FC4C-0C721F49CAE2} = {6B260043-EF88-C4A9-B73C-79CE3D60705D}
		{9A7643F6-31AB-B495-C154-AAF521DA49C3} = {66710F64-7D29-4DF0-8A83-B0AFE16EA080}
		{0681BE1E-ED34-53A7-A9CB-9E06BC531467} = {9A7643F6-31AB-B495-C154-AAF521DA49C3}
	EndGlobalSection
	GlobalSection(ExtensibilityGlobals) = postSolution
		SolutionGuid = {2CFAA9B3-8E36-4B46-AB78-A9C4BE614817}
	EndGlobalSection
EndGlobal
